
Microsoft Visual Studio Solution File, Format Version 12.00
# Visual Studio Version 17
VisualStudioVersion = 17.6.33723.286
MinimumVisualStudioVersion = 10.0.40219.1
Project("{FAE04EC0-301F-11D3-BF4B-00C04F79EFBC}") = "Tamagochi", "Tamagochi\Tamagochi.csproj", "{BDBD7AB6-950E-49C0-9F1C-62BE9AFB6F97}"
EndProject
Global
	GlobalSection(SolutionConfigurationPlatforms) = preSolution
		Debug|Any CPU = Debug|Any CPU
		Release|Any CPU = Release|Any CPU
	EndGlobalSection
	GlobalSection(ProjectConfigurationPlatforms) = postSolution
		{BDBD7AB6-950E-49C0-9F1C-62BE9AFB6F97}.Debug|Any CPU.ActiveCfg = Debug|Any CPU
		{BDBD7AB6-950E-49C0-9F1C-62BE9AFB6F97}.Debug|Any CPU.Build.0 = Debug|Any CPU
		{BDBD7AB6-950E-49C0-9F1C-62BE9AFB6F97}.Release|Any CPU.ActiveCfg = Release|Any CPU
		{BDBD7AB6-950E-49C0-9F1C-62BE9AFB6F97}.Release|Any CPU.Build.0 = Release|Any CPU
	EndGlobalSection
	GlobalSection(SolutionProperties) = preSolution
		HideSolutionNode = FALSE
	EndGlobalSection
	GlobalSection(ExtensibilityGlobals) = postSolution
		SolutionGuid = {723D4D3C-93A8-4ADC-8C3A-D9F1F1615E7F}
	EndGlobalSection
EndGlobal
